<?xml version="1.0" encoding="utf-8"?>
<Project ToolsVersion="4.0" xmlns="http://schemas.microsoft.com/developer/msbuild/2003">
  <ItemGroup>
    <Filter Include="Source Files">
      <UniqueIdentifier>{4FC737F1-C7A5-4376-A066-2A32D752A2FF}</UniqueIdentifier>
      <Extensions>cpp;c;cc;cxx;c++;cppm;ixx;def;odl;idl;hpj;bat;asm;asmx</Extensions>
    </Filter>
    <Filter Include="Header Files">
      <UniqueIdentifier>{93995380-89BD-4b04-88EB-625FBE52EBFB}</UniqueIdentifier>
      <Extensions>h;hh;hpp;hxx;h++;hm;inl;inc;ipp;xsd</Extensions>
    </Filter>
    <Filter Include="Resource Files">
      <UniqueIdentifier>{67DA6AB6-F800-4c08-8B7A-83BB121AAD01}</UniqueIdentifier>
      <Extensions>rc;ico;cur;bmp;dlg;rc2;rct;bin;rgs;gif;jpg;jpeg;jpe;resx;tiff;tif;png;wav;mfcribbon-ms</Extensions>
    </Filter>
  </ItemGroup>
  <ItemGroup>
    <ClCompile Include="main.cpp">
      <Filter>Source Files</Filter>
    </ClCompile>
    <ClCompile Include="BitmapaExt.cpp">
      <Filter>Source Files</Filter>
    </ClCompile>
    <ClCompile Include="C_Bitmapa.cpp">
      <Filter>Source Files</Filter>
    </ClCompile>
    <ClCompile Include="Dylatacja.cpp">
      <Filter>Source Files</Filter>
    </ClCompile>
    <ClCompile Include="Erozja.cpp">
      <Filter>Source Files</Filter>
    </ClCompile>
    <ClCompile Include="Piksel.cpp">
      <Filter>Source Files</Filter>
    </ClCompile>
    <ClCompile Include="Przeksztalcenie.cpp">
      <Filter>Source Files</Filter>
    </ClCompile>
    <ClCompile Include="Usrednianie.cpp">
      <Filter>Source Files</Filter>
    </ClCompile>
    <ClCompile Include="Inwersja.cpp">
      <Filter>Source Files</Filter>
    </ClCompile>
    <ClCompile Include="Zerowanie.cpp">
      <Filter>Source Files</Filter>
    </ClCompile>
    <ClCompile Include="ZlozeniePrzeksztalcen.cpp">
      <Filter>Source Files</Filter>
    </ClCompile>
  </ItemGroup>
  <ItemGroup>
    <ClInclude Include="BitmapaExt.h">
      <Filter>Header Files</Filter>
    </ClInclude>
    <ClInclude Include="C_Bitmapa.h">
      <Filter>Header Files</Filter>
    </ClInclude>
    <ClInclude Include="Dylatacja.h">
      <Filter>Header Files</Filter>
    </ClInclude>
    <ClInclude Include="Erozja.h">
      <Filter>Header Files</Filter>
    </ClInclude>
    <ClInclude Include="Piksel.h">
      <Filter>Header Files</Filter>
    </ClInclude>
    <ClInclude Include="Przeksztalcenie.h">
      <Filter>Header Files</Filter>
    </ClInclude>
    <ClInclude Include="Usrednianie.h">
      <Filter>Header Files</Filter>
    </ClInclude>
    <ClInclude Include="Inwersja.h">
      <Filter>Header Files</Filter>
    </ClInclude>
    <ClInclude Include="Zerowanie.h">
      <Filter>Header Files</Filter>
    </ClInclude>
    <ClInclude Include="ZlozeniePrzeksztalcen.h">
      <Filter>Header Files</Filter>
    </ClInclude>
  </ItemGroup>
</Project>